
Microsoft Visual Studio Solution File, Format Version 12.00
# Visual Studio 15
VisualStudioVersion = 15.0.27130.2027
MinimumVisualStudioVersion = 10.0.40219.1
Project("{FAE04EC0-301F-11D3-BF4B-00C04F79EFBC}") = "NLogger", "NLogger\NLogger.csproj", "{934CF9F9-C851-4BC0-8ED9-B87F25154865}"
EndProject
Global
	GlobalSection(SolutionConfigurationPlatforms) = preSolution
		Debug|Any CPU = Debug|Any CPU
		Release|Any CPU = Release|Any CPU
	EndGlobalSection
	GlobalSection(ProjectConfigurationPlatforms) = postSolution
		{934CF9F9-C851-4BC0-8ED9-B87F25154865}.Debug|Any CPU.ActiveCfg = Debug|Any CPU
		{934CF9F9-C851-4BC0-8ED9-B87F25154865}.Debug|Any CPU.Build.0 = Debug|Any CPU
		{934CF9F9-C851-4BC0-8ED9-B87F25154865}.Release|Any CPU.ActiveCfg = Release|Any CPU
		{934CF9F9-C851-4BC0-8ED9-B87F25154865}.Release|Any CPU.Build.0 = Release|Any CPU
	EndGlobalSection
	GlobalSection(SolutionProperties) = preSolution
		HideSolutionNode = FALSE
	EndGlobalSection
	GlobalSection(ExtensibilityGlobals) = postSolution
		SolutionGuid = {3316E391-8633-482D-A560-D1685D4BA2F8}
	EndGlobalSection
EndGlobal
